{
  "originHash" : "9a90fd6b751db9d872f6d8fec0f562188d05fff2207aaee414e5b69e095576f9",
  "pins" : [
    {
      "identity" : "plaid-link-ios-spm",
      "kind" : "remoteSourceControl",
      "location" : "https://github.com/plaid/plaid-link-ios-spm.git",
      "state" : {
        "revision" : "425bcf795b73e06a6b5840bc69d637f503469d03",
        "version" : "6.4.1"
      }
    }
  ],
  "version" : 3
}
